{
  "name": "ares-car-rental",
  "version": "1.0.0",
  "lockfileVersion": 3,
  "requires": true,
  "packages": {
    "": {
      "name": "ares-car-rental",
      "version": "1.0.0",
      "hasInstallScript": true,
      "license": "MIT",
      "engines": {
        "bun": ">=1.0.0",
        "node": ">=18.0.0"
      }
    }
  }
}
